
Microsoft Visual Studio Solution File, Format Version 12.00
# Visual Studio 2013
VisualStudioVersion = 12.0.31101.0
MinimumVisualStudioVersion = 10.0.40219.1
Project("{FAE04EC0-301F-11D3-BF4B-00C04F79EFBC}") = "Overflow", "src\Overflow\Overflow.csproj", "{8DF25299-1F2F-4A84-828F-51A098450ED5}"
EndProject
Project("{2150E333-8FDC-42A3-9474-1A3956D46DE8}") = "src", "src", "{870DCD51-5195-450E-B6FD-CCFAC60D0477}"
EndProject
Project("{2150E333-8FDC-42A3-9474-1A3956D46DE8}") = "test", "test", "{83A803C8-9CF2-491C-8448-E74DE4ACA21D}"
EndProject
Project("{FAE04EC0-301F-11D3-BF4B-00C04F79EFBC}") = "Overflow.Test", "test\Overflow.Test\Overflow.Test.csproj", "{047FF64E-A72B-4569-BD96-970556D6F723}"
EndProject
Project("{2150E333-8FDC-42A3-9474-1A3956D46DE8}") = ".nuget", ".nuget", "{DBE96B2E-06A2-4937-A5BD-0457A03AA7A8}"
	ProjectSection(SolutionItems) = preProject
		.nuget\packages.config = .nuget\packages.config
	EndProjectSection
EndProject
Project("{2150E333-8FDC-42A3-9474-1A3956D46DE8}") = "Solution Items", "Solution Items", "{F9BEECB9-DF47-4106-8863-0280621462DA}"
	ProjectSection(SolutionItems) = preProject
		README.md = README.md
	EndProjectSection
EndProject
Project("{FAE04EC0-301F-11D3-BF4B-00C04F79EFBC}") = "DataFlow", "examples\DataFlow\DataFlow.csproj", "{22BA955C-085E-4822-B11B-CEA798EDEE14}"
EndProject
Project("{2150E333-8FDC-42A3-9474-1A3956D46DE8}") = "examples", "examples", "{0ECC90F5-F1D3-49E1-BD3F-B4A4697CF29F}"
EndProject
Project("{FAE04EC0-301F-11D3-BF4B-00C04F79EFBC}") = "CustomOperationResolver", "CustomOperationResolver\CustomOperationResolver.csproj", "{0B6B156E-034C-4D08-8F0A-F9008035383D}"
EndProject
Global
	GlobalSection(SolutionConfigurationPlatforms) = preSolution
		Debug|Any CPU = Debug|Any CPU
		Release|Any CPU = Release|Any CPU
	EndGlobalSection
	GlobalSection(ProjectConfigurationPlatforms) = postSolution
		{8DF25299-1F2F-4A84-828F-51A098450ED5}.Debug|Any CPU.ActiveCfg = Debug|Any CPU
		{8DF25299-1F2F-4A84-828F-51A098450ED5}.Debug|Any CPU.Build.0 = Debug|Any CPU
		{8DF25299-1F2F-4A84-828F-51A098450ED5}.Release|Any CPU.ActiveCfg = Release|Any CPU
		{8DF25299-1F2F-4A84-828F-51A098450ED5}.Release|Any CPU.Build.0 = Release|Any CPU
		{047FF64E-A72B-4569-BD96-970556D6F723}.Debug|Any CPU.ActiveCfg = Debug|Any CPU
		{047FF64E-A72B-4569-BD96-970556D6F723}.Debug|Any CPU.Build.0 = Debug|Any CPU
		{047FF64E-A72B-4569-BD96-970556D6F723}.Release|Any CPU.ActiveCfg = Release|Any CPU
		{047FF64E-A72B-4569-BD96-970556D6F723}.Release|Any CPU.Build.0 = Release|Any CPU
		{22BA955C-085E-4822-B11B-CEA798EDEE14}.Debug|Any CPU.ActiveCfg = Debug|Any CPU
		{22BA955C-085E-4822-B11B-CEA798EDEE14}.Debug|Any CPU.Build.0 = Debug|Any CPU
		{22BA955C-085E-4822-B11B-CEA798EDEE14}.Release|Any CPU.ActiveCfg = Release|Any CPU
		{22BA955C-085E-4822-B11B-CEA798EDEE14}.Release|Any CPU.Build.0 = Release|Any CPU
		{0B6B156E-034C-4D08-8F0A-F9008035383D}.Debug|Any CPU.ActiveCfg = Debug|Any CPU
		{0B6B156E-034C-4D08-8F0A-F9008035383D}.Debug|Any CPU.Build.0 = Debug|Any CPU
		{0B6B156E-034C-4D08-8F0A-F9008035383D}.Release|Any CPU.ActiveCfg = Release|Any CPU
		{0B6B156E-034C-4D08-8F0A-F9008035383D}.Release|Any CPU.Build.0 = Release|Any CPU
	EndGlobalSection
	GlobalSection(SolutionProperties) = preSolution
		HideSolutionNode = FALSE
	EndGlobalSection
	GlobalSection(NestedProjects) = preSolution
		{8DF25299-1F2F-4A84-828F-51A098450ED5} = {870DCD51-5195-450E-B6FD-CCFAC60D0477}
		{047FF64E-A72B-4569-BD96-970556D6F723} = {83A803C8-9CF2-491C-8448-E74DE4ACA21D}
		{22BA955C-085E-4822-B11B-CEA798EDEE14} = {0ECC90F5-F1D3-49E1-BD3F-B4A4697CF29F}
		{0B6B156E-034C-4D08-8F0A-F9008035383D} = {0ECC90F5-F1D3-49E1-BD3F-B4A4697CF29F}
	EndGlobalSection
EndGlobal
